{
  "name": "tree-sitter-moonbit",
  "version": "0.1.0",
  "lockfileVersion": 3,
  "requires": true,
  "packages": {
    "": {
      "name": "tree-sitter-moonbit",
      "version": "0.1.0",
      "license": "Apache-2.0",
      "dependencies": {
        "node-addon-api": "^8.3.1"
      },
      "devDependencies": {
        "tree-sitter-cli": "^0.24.7"
      }
    },
    "node_modules/.pnpm/nan@2.22.1/node_modules/nan": {
      "version": "2.22.1",
      "extraneous": true,
      "license": "MIT",
      "devDependencies": {
        "bindings": "~1.2.1",
        "commander": "^2.8.1",
        "glob": "^5.0.14",
        "node-gyp": "~v10.3.1",
        "readable-stream": "^2.1.4",
        "request": "=2.81.0",
        "tap": "~0.7.1",
        "xtend": "~4.0.0"
      }
    },
    "node_modules/.pnpm/node-addon-api@8.3.1/node_modules/node-addon-api": {
      "version": "8.3.1",
      "extraneous": true,
      "license": "MIT",
      "devDependencies": {
        "benchmark": "^2.1.4",
        "bindings": "^1.5.0",
        "clang-format": "^1.4.0",
        "eslint": "^9.13.0",
        "fs-extra": "^11.1.1",
        "neostandard": "^0.12.0",
        "pre-commit": "^1.2.2",
        "semver": "^7.6.0"
      },
      "engines": {
        "node": "^18 || ^20 || >= 21"
      }
    },
    "node_modules/.pnpm/node-gyp-build@4.8.4/node_modules/node-gyp-build": {
      "version": "4.8.4",
      "extraneous": true,
      "license": "MIT",
      "bin": {
        "node-gyp-build": "bin.js",
        "node-gyp-build-optional": "optional.js",
        "node-gyp-build-test": "build-test.js"
      },
      "devDependencies": {
        "array-shuffle": "^1.0.1",
        "standard": "^14.0.0",
        "tape": "^5.0.0"
      }
    },
    "node_modules/.pnpm/tree-sitter-cli@0.24.7/node_modules/tree-sitter-cli": {
      "version": "0.24.7",
      "dev": true,
      "hasInstallScript": true,
      "license": "MIT",
      "bin": {
        "tree-sitter": "cli.js"
      },
      "engines": {
        "node": ">=12.0.0"
      }
    },
    "node_modules/node-addon-api": {
      "version": "8.3.1",
      "resolved": "https://registry.npmjs.org/node-addon-api/-/node-addon-api-8.3.1.tgz",
      "integrity": "sha512-lytcDEdxKjGJPTLEfW4mYMigRezMlyJY8W4wxJK8zE533Jlb8L8dRuObJFWg2P+AuOIxoCgKF+2Oq4d4Zd0OUA==",
      "license": "MIT",
      "engines": {
        "node": "^18 || ^20 || >= 21"
      }
    },
    "node_modules/tree-sitter-cli": {
      "resolved": "node_modules/.pnpm/tree-sitter-cli@0.24.7/node_modules/tree-sitter-cli",
      "link": true
    }
  }
}
